
Microsoft Visual Studio Solution File, Format Version 12.00
# Visual Studio 15
VisualStudioVersion = 15.0.27130.2010
MinimumVisualStudioVersion = 10.0.40219.1
Project("{FAE04EC0-301F-11D3-BF4B-00C04F79EFBC}") = "WmcSoft.Core", "WmcSoft.Core\WmcSoft.Core.csproj", "{3E5C5EA0-2911-4C9E-9179-391E66320761}"
EndProject
Project("{FAE04EC0-301F-11D3-BF4B-00C04F79EFBC}") = "WmcSoft.Core.Tests", "WmcSoft.Core.Tests\WmcSoft.Core.Tests.csproj", "{FBD57B8C-27F2-4EB2-8F49-5483A0791854}"
EndProject
Project("{FAE04EC0-301F-11D3-BF4B-00C04F79EFBC}") = "WmcSoft.Mathematics", "WmcSoft.Mathematics\WmcSoft.Mathematics.csproj", "{041E639D-20CD-454F-90D5-2852AA58E126}"
EndProject
Project("{FAE04EC0-301F-11D3-BF4B-00C04F79EFBC}") = "WmcSoft.Mathematics.Tests", "WmcSoft.Mathematics.Tests\WmcSoft.Mathematics.Tests.csproj", "{DD347637-5EC5-45BA-A377-5B6A09605A7C}"
EndProject
Project("{FAE04EC0-301F-11D3-BF4B-00C04F79EFBC}") = "WmcSoft.Units", "WmcSoft.Units\WmcSoft.Units.csproj", "{FD4E34D4-7A77-4908-B135-268ABE7D2506}"
EndProject
Project("{FAE04EC0-301F-11D3-BF4B-00C04F79EFBC}") = "WmcSoft.Units.Tests", "WmcSoft.Units.Tests\WmcSoft.Units.Tests.csproj", "{D12A494F-C06E-4B0D-98CA-70460D819BC7}"
EndProject
Project("{FAE04EC0-301F-11D3-BF4B-00C04F79EFBC}") = "WmcSoft.Benchmark", "WmcSoft.Benchmark\WmcSoft.Benchmark.csproj", "{0EB4ECD9-AA2B-4319-803F-1980A1F91E14}"
EndProject
Project("{2150E333-8FDC-42A3-9474-1A3956D46DE8}") = "Benchmarks", "Benchmarks", "{F9354138-94D5-4622-8434-F8B9DD9FDD25}"
EndProject
Project("{FAE04EC0-301F-11D3-BF4B-00C04F79EFBC}") = "MathematicsBench", "Benchmarks\MathematicsBench\MathematicsBench.csproj", "{D0383AA6-BFD4-4C85-9EEF-269F1886434A}"
EndProject
Project("{FAE04EC0-301F-11D3-BF4B-00C04F79EFBC}") = "WmcSoft.Jobs", "WmcSoft.Jobs\WmcSoft.Jobs.csproj", "{7DEC0C3F-08AA-4A65-B231-4FE53935D73C}"
EndProject
Project("{2150E333-8FDC-42A3-9474-1A3956D46DE8}") = "Tools", "Tools", "{55C1E273-4025-4D2E-9E13-21385C65C725}"
EndProject
Project("{FAE04EC0-301F-11D3-BF4B-00C04F79EFBC}") = "ConsoleApplication", "Tools\ConsoleApplication\ConsoleApplication.csproj", "{00483AEA-308D-43F5-943B-D63EAE898109}"
EndProject
Project("{FAE04EC0-301F-11D3-BF4B-00C04F79EFBC}") = "WmcSoft.Components", "WmcSoft.Components\WmcSoft.Components.csproj", "{C55D60F6-41AF-4B26-AFF4-A869F006BA7F}"
EndProject
Project("{FAE04EC0-301F-11D3-BF4B-00C04F79EFBC}") = "WmcSoft.Components.Tests", "WmcSoft.Components.Tests\WmcSoft.Components.Tests.csproj", "{8DCDAFE7-8D15-48E2-B328-17B6643BEFD4}"
	ProjectSection(ProjectDependencies) = postProject
		{9F13A742-EC3F-4D79-B5F0-F5B09B27DD34} = {9F13A742-EC3F-4D79-B5F0-F5B09B27DD34}
	EndProjectSection
EndProject
Project("{FAE04EC0-301F-11D3-BF4B-00C04F79EFBC}") = "WmcSoft.Windows.Forms", "WmcSoft.Windows.Forms\WmcSoft.Windows.Forms.csproj", "{9F13A742-EC3F-4D79-B5F0-F5B09B27DD34}"
EndProject
Project("{FAE04EC0-301F-11D3-BF4B-00C04F79EFBC}") = "WindowsFormsGallery", "Tools\WindowsFormsGallery\WindowsFormsGallery.csproj", "{DDBE4376-E69E-434D-AD99-474E846AB44E}"
EndProject
Project("{2150E333-8FDC-42A3-9474-1A3956D46DE8}") = "Documentation", "Documentation", "{74CC7D80-4E21-4853-B3BB-B8F208CF4B6B}"
	ProjectSection(SolutionItems) = preProject
		.editorconfig = .editorconfig
		CustomDictionary.xml = CustomDictionary.xml
		README.md = README.md
	EndProjectSection
EndProject
Project("{FAE04EC0-301F-11D3-BF4B-00C04F79EFBC}") = "CustomToolRunner", "Tools\CustomToolRunner\CustomToolRunner.csproj", "{657D9485-0BD3-438D-A8D6-5FBF6172C1C5}"
EndProject
Project("{FAE04EC0-301F-11D3-BF4B-00C04F79EFBC}") = "WmcSoft.VisualStudio", "Tools\WmcSoft.VisualStudio\WmcSoft.VisualStudio.csproj", "{76382268-17DD-4D92-B3CF-D9C5F8915DBD}"
EndProject
Project("{FAE04EC0-301F-11D3-BF4B-00C04F79EFBC}") = "WmcSoft.Interop", "WmcSoft.Interop\WmcSoft.Interop.csproj", "{0FB15097-B0E2-4940-8EEB-54BCE3CA6828}"
EndProject
Project("{FAE04EC0-301F-11D3-BF4B-00C04F79EFBC}") = "WmcSoft.AI", "WmcSoft.AI\WmcSoft.AI.csproj", "{0786C83A-3CDB-4963-A309-357B392738A2}"
EndProject
Project("{FAE04EC0-301F-11D3-BF4B-00C04F79EFBC}") = "WmcSoft.AI.Tests", "WmcSoft.AI.Tests\WmcSoft.AI.Tests.csproj", "{5978F2DA-93AC-484F-9524-ED0D4FDD432B}"
EndProject
Project("{FAE04EC0-301F-11D3-BF4B-00C04F79EFBC}") = "WmcSoft.Business", "WmcSoft.Business\WmcSoft.Business.csproj", "{C14575BE-B757-4E41-9EED-EABD5BD28F1E}"
EndProject
Project("{FAE04EC0-301F-11D3-BF4B-00C04F79EFBC}") = "WmcSoft.Business.Tests", "WmcSoft.Business.Tests\WmcSoft.Business.Tests.csproj", "{B250C3FB-98EC-4E7D-A9BB-F7A56BB18C42}"
EndProject
Project("{FAE04EC0-301F-11D3-BF4B-00C04F79EFBC}") = "xsv", "Tools\xsv\xsv.csproj", "{3FF610D5-3F7A-44A7-B6F6-30E0BB9741BA}"
EndProject
Project("{FAE04EC0-301F-11D3-BF4B-00C04F79EFBC}") = "xslt", "Tools\xslt\xslt.csproj", "{7536C962-9CBA-4E1B-B9D1-D353A6AF1D63}"
EndProject
Project("{FAE04EC0-301F-11D3-BF4B-00C04F79EFBC}") = "WmcSoft.Windows.Forms.Tests", "WmcSoft.Windows.Forms.Tests\WmcSoft.Windows.Forms.Tests.csproj", "{7992AA64-169D-456A-9EA6-C36A8F05A6E5}"
EndProject
Project("{FAE04EC0-301F-11D3-BF4B-00C04F79EFBC}") = "ImplBench", "Benchmarks\ImplBench\ImplBench.csproj", "{36C0CA36-2994-48C5-BB49-F91CA6D17425}"
EndProject
Project("{2150E333-8FDC-42A3-9474-1A3956D46DE8}") = "Drawing", "Drawing", "{ADF1C128-6796-49E5-AA94-4F25DA95EB0F}"
	ProjectSection(SolutionItems) = preProject
		WmcSoft.Drawing\Canvas.md = WmcSoft.Drawing\Canvas.md
	EndProjectSection
EndProject
Project("{FAE04EC0-301F-11D3-BF4B-00C04F79EFBC}") = "WmcSoft.Canvas.Abstractions", "WmcSoft.Drawing\WmcSoft.Canvas.Abstractions\WmcSoft.Canvas.Abstractions.csproj", "{5842B06A-3531-4990-A224-7CF37A9EEA6A}"
EndProject
Project("{FAE04EC0-301F-11D3-BF4B-00C04F79EFBC}") = "WmcSoft.Canvas.Graphics", "WmcSoft.Drawing\WmcSoft.Canvas.Graphics\WmcSoft.Canvas.Graphics.csproj", "{F649DF42-9102-4875-A5C5-554E7CDD9E2D}"
EndProject
Project("{FAE04EC0-301F-11D3-BF4B-00C04F79EFBC}") = "WmcSoft.Drawing.Abstractions", "WmcSoft.Drawing\WmcSoft.Drawing.Abstractions\WmcSoft.Drawing.Abstractions.csproj", "{D1317B47-BB21-4ADF-9D7D-DF6D002346ED}"
EndProject
Project("{FAE04EC0-301F-11D3-BF4B-00C04F79EFBC}") = "WmcSoft.Configuration", "WmcSoft.Configuration\WmcSoft.Configuration.csproj", "{A8E75371-D61D-4C0E-88D7-617E6285FF9D}"
EndProject
Project("{FAE04EC0-301F-11D3-BF4B-00C04F79EFBC}") = "WmcSoft.Configuration.Tests", "WmcSoft.Configuration.Tests\WmcSoft.Configuration.Tests.csproj", "{68C940AD-89B0-474A-9BE0-7EDD29513350}"
EndProject
Project("{9A19103F-16F7-4668-BE54-9A1E7A4F7556}") = "WmcSoft.Business.Primitives", "WmcSoft.Business.Primitives\WmcSoft.Business.Primitives.csproj", "{0F12FB2C-E0A5-4BEC-ADC1-5EDB69DD8BB4}"
EndProject
Project("{9A19103F-16F7-4668-BE54-9A1E7A4F7556}") = "WmcSoft.Business.Primitives.Tests", "WmcSoft.Business.Primitives.Tests\WmcSoft.Business.Primitives.Tests.csproj", "{173C80E5-D516-445B-B1EB-ECEC9594FF7F}"
EndProject
Project("{9A19103F-16F7-4668-BE54-9A1E7A4F7556}") = "WmcSoft.Business.Calendars", "WmcSoft.Business.Calendars\WmcSoft.Business.Calendars.csproj", "{15D86A23-5782-497D-82DB-D42FE75FAD92}"
EndProject
Project("{9A19103F-16F7-4668-BE54-9A1E7A4F7556}") = "WmcSoft.Business.Calendars.Tests", "WmcSoft.Business.Calendars.Tests\WmcSoft.Business.Calendars.Tests.csproj", "{068E7D9A-C4A3-44AC-91E4-07C224A8BC41}"
EndProject
Project("{2150E333-8FDC-42A3-9474-1A3956D46DE8}") = "Business", "Business", "{24AF4E19-1326-42C3-879A-BE13F55A9043}"
EndProject
Project("{2150E333-8FDC-42A3-9474-1A3956D46DE8}") = "Data", "Data", "{B031B180-BDBC-46B6-9824-6B4D9BED006F}"
EndProject
Project("{9A19103F-16F7-4668-BE54-9A1E7A4F7556}") = "WmcSoft.Data.Common", "WmcSoft.Data.Common\WmcSoft.Data.Common.csproj", "{17994C79-8B88-48B9-9880-E715326A1532}"
EndProject
Project("{9A19103F-16F7-4668-BE54-9A1E7A4F7556}") = "WmcSoft.Data.SqlClient", "WmcSoft.Data.SqlClient\WmcSoft.Data.SqlClient.csproj", "{002FCCE5-D8B2-4FA8-B065-BEC594345CAA}"
EndProject
Project("{9A19103F-16F7-4668-BE54-9A1E7A4F7556}") = "WmcSoft.Data.Odbc", "WmcSoft.Data.Odbc\WmcSoft.Data.Odbc.csproj", "{7E144C76-4092-480F-8EC2-F70C086F775F}"
EndProject
Project("{9A19103F-16F7-4668-BE54-9A1E7A4F7556}") = "WmcSoft.Data.OleDb", "WmcSoft.Data.OleDb\WmcSoft.Data.OleDb.csproj", "{803E0CD2-FBC5-462B-BFC5-4E4B29578DEF}"
EndProject
Project("{FAE04EC0-301F-11D3-BF4B-00C04F79EFBC}") = "WmcSoft.Data.Tests", "WmcSoft.Data.Tests\WmcSoft.Data.Tests.csproj", "{19F6F291-E622-4F4C-84BA-13DF06438C2D}"
EndProject
Project("{9A19103F-16F7-4668-BE54-9A1E7A4F7556}") = "WmcSoft.SemVer", "WmcSoft.SemVer\WmcSoft.SemVer.csproj", "{8F9DB46E-B08A-4831-B042-120CF40069ED}"
EndProject
Project("{9A19103F-16F7-4668-BE54-9A1E7A4F7556}") = "WmcSoft.SemVer.Tests", "WmcSoft.SemVer.Tests\WmcSoft.SemVer.Tests.csproj", "{C4C75CA9-6EFA-4334-B8FC-F000A06BCAC3}"
EndProject
Project("{2150E333-8FDC-42A3-9474-1A3956D46DE8}") = "notes", "notes", "{B5F15274-45DF-48CB-B3B7-2A695253359F}"
	ProjectSection(SolutionItems) = preProject
		notes\cloning.md = notes\cloning.md
	EndProjectSection
EndProject
Project("{FAE04EC0-301F-11D3-BF4B-00C04F79EFBC}") = "WmcSoft.Memory", "WmcSoft.Memory\WmcSoft.Memory.csproj", "{79E4CAE0-EF92-48E9-B0D9-4CC7AB66D76C}"
EndProject
Global
	GlobalSection(SolutionConfigurationPlatforms) = preSolution
		Debug|Any CPU = Debug|Any CPU
		Release|Any CPU = Release|Any CPU
	EndGlobalSection
	GlobalSection(ProjectConfigurationPlatforms) = postSolution
		{3E5C5EA0-2911-4C9E-9179-391E66320761}.Debug|Any CPU.ActiveCfg = Debug|Any CPU
		{3E5C5EA0-2911-4C9E-9179-391E66320761}.Debug|Any CPU.Build.0 = Debug|Any CPU
		{3E5C5EA0-2911-4C9E-9179-391E66320761}.Release|Any CPU.ActiveCfg = Release|Any CPU
		{3E5C5EA0-2911-4C9E-9179-391E66320761}.Release|Any CPU.Build.0 = Release|Any CPU
		{FBD57B8C-27F2-4EB2-8F49-5483A0791854}.Debug|Any CPU.ActiveCfg = Debug|Any CPU
		{FBD57B8C-27F2-4EB2-8F49-5483A0791854}.Debug|Any CPU.Build.0 = Debug|Any CPU
		{FBD57B8C-27F2-4EB2-8F49-5483A0791854}.Release|Any CPU.ActiveCfg = Release|Any CPU
		{FBD57B8C-27F2-4EB2-8F49-5483A0791854}.Release|Any CPU.Build.0 = Release|Any CPU
		{041E639D-20CD-454F-90D5-2852AA58E126}.Debug|Any CPU.ActiveCfg = Debug|Any CPU
		{041E639D-20CD-454F-90D5-2852AA58E126}.Debug|Any CPU.Build.0 = Debug|Any CPU
		{041E639D-20CD-454F-90D5-2852AA58E126}.Release|Any CPU.ActiveCfg = Release|Any CPU
		{041E639D-20CD-454F-90D5-2852AA58E126}.Release|Any CPU.Build.0 = Release|Any CPU
		{DD347637-5EC5-45BA-A377-5B6A09605A7C}.Debug|Any CPU.ActiveCfg = Debug|Any CPU
		{DD347637-5EC5-45BA-A377-5B6A09605A7C}.Debug|Any CPU.Build.0 = Debug|Any CPU
		{DD347637-5EC5-45BA-A377-5B6A09605A7C}.Release|Any CPU.ActiveCfg = Release|Any CPU
		{DD347637-5EC5-45BA-A377-5B6A09605A7C}.Release|Any CPU.Build.0 = Release|Any CPU
		{FD4E34D4-7A77-4908-B135-268ABE7D2506}.Debug|Any CPU.ActiveCfg = Debug|Any CPU
		{FD4E34D4-7A77-4908-B135-268ABE7D2506}.Debug|Any CPU.Build.0 = Debug|Any CPU
		{FD4E34D4-7A77-4908-B135-268ABE7D2506}.Release|Any CPU.ActiveCfg = Release|Any CPU
		{FD4E34D4-7A77-4908-B135-268ABE7D2506}.Release|Any CPU.Build.0 = Release|Any CPU
		{D12A494F-C06E-4B0D-98CA-70460D819BC7}.Debug|Any CPU.ActiveCfg = Debug|Any CPU
		{D12A494F-C06E-4B0D-98CA-70460D819BC7}.Debug|Any CPU.Build.0 = Debug|Any CPU
		{D12A494F-C06E-4B0D-98CA-70460D819BC7}.Release|Any CPU.ActiveCfg = Release|Any CPU
		{D12A494F-C06E-4B0D-98CA-70460D819BC7}.Release|Any CPU.Build.0 = Release|Any CPU
		{0EB4ECD9-AA2B-4319-803F-1980A1F91E14}.Debug|Any CPU.ActiveCfg = Debug|Any CPU
		{0EB4ECD9-AA2B-4319-803F-1980A1F91E14}.Debug|Any CPU.Build.0 = Debug|Any CPU
		{0EB4ECD9-AA2B-4319-803F-1980A1F91E14}.Release|Any CPU.ActiveCfg = Release|Any CPU
		{0EB4ECD9-AA2B-4319-803F-1980A1F91E14}.Release|Any CPU.Build.0 = Release|Any CPU
		{D0383AA6-BFD4-4C85-9EEF-269F1886434A}.Debug|Any CPU.ActiveCfg = Debug|Any CPU
		{D0383AA6-BFD4-4C85-9EEF-269F1886434A}.Debug|Any CPU.Build.0 = Debug|Any CPU
		{D0383AA6-BFD4-4C85-9EEF-269F1886434A}.Release|Any CPU.ActiveCfg = Release|Any CPU
		{D0383AA6-BFD4-4C85-9EEF-269F1886434A}.Release|Any CPU.Build.0 = Release|Any CPU
		{7DEC0C3F-08AA-4A65-B231-4FE53935D73C}.Debug|Any CPU.ActiveCfg = Debug|Any CPU
		{7DEC0C3F-08AA-4A65-B231-4FE53935D73C}.Debug|Any CPU.Build.0 = Debug|Any CPU
		{7DEC0C3F-08AA-4A65-B231-4FE53935D73C}.Release|Any CPU.ActiveCfg = Release|Any CPU
		{7DEC0C3F-08AA-4A65-B231-4FE53935D73C}.Release|Any CPU.Build.0 = Release|Any CPU
		{00483AEA-308D-43F5-943B-D63EAE898109}.Debug|Any CPU.ActiveCfg = Debug|Any CPU
		{00483AEA-308D-43F5-943B-D63EAE898109}.Debug|Any CPU.Build.0 = Debug|Any CPU
		{00483AEA-308D-43F5-943B-D63EAE898109}.Release|Any CPU.ActiveCfg = Release|Any CPU
		{00483AEA-308D-43F5-943B-D63EAE898109}.Release|Any CPU.Build.0 = Release|Any CPU
		{C55D60F6-41AF-4B26-AFF4-A869F006BA7F}.Debug|Any CPU.ActiveCfg = Debug|Any CPU
		{C55D60F6-41AF-4B26-AFF4-A869F006BA7F}.Debug|Any CPU.Build.0 = Debug|Any CPU
		{C55D60F6-41AF-4B26-AFF4-A869F006BA7F}.Release|Any CPU.ActiveCfg = Release|Any CPU
		{C55D60F6-41AF-4B26-AFF4-A869F006BA7F}.Release|Any CPU.Build.0 = Release|Any CPU
		{8DCDAFE7-8D15-48E2-B328-17B6643BEFD4}.Debug|Any CPU.ActiveCfg = Debug|Any CPU
		{8DCDAFE7-8D15-48E2-B328-17B6643BEFD4}.Debug|Any CPU.Build.0 = Debug|Any CPU
		{8DCDAFE7-8D15-48E2-B328-17B6643BEFD4}.Release|Any CPU.ActiveCfg = Release|Any CPU
		{8DCDAFE7-8D15-48E2-B328-17B6643BEFD4}.Release|Any CPU.Build.0 = Release|Any CPU
		{9F13A742-EC3F-4D79-B5F0-F5B09B27DD34}.Debug|Any CPU.ActiveCfg = Debug|Any CPU
		{9F13A742-EC3F-4D79-B5F0-F5B09B27DD34}.Debug|Any CPU.Build.0 = Debug|Any CPU
		{9F13A742-EC3F-4D79-B5F0-F5B09B27DD34}.Release|Any CPU.ActiveCfg = Release|Any CPU
		{9F13A742-EC3F-4D79-B5F0-F5B09B27DD34}.Release|Any CPU.Build.0 = Release|Any CPU
		{DDBE4376-E69E-434D-AD99-474E846AB44E}.Debug|Any CPU.ActiveCfg = Debug|Any CPU
		{DDBE4376-E69E-434D-AD99-474E846AB44E}.Debug|Any CPU.Build.0 = Debug|Any CPU
		{DDBE4376-E69E-434D-AD99-474E846AB44E}.Release|Any CPU.ActiveCfg = Release|Any CPU
		{DDBE4376-E69E-434D-AD99-474E846AB44E}.Release|Any CPU.Build.0 = Release|Any CPU
		{657D9485-0BD3-438D-A8D6-5FBF6172C1C5}.Debug|Any CPU.ActiveCfg = Debug|Any CPU
		{657D9485-0BD3-438D-A8D6-5FBF6172C1C5}.Debug|Any CPU.Build.0 = Debug|Any CPU
		{657D9485-0BD3-438D-A8D6-5FBF6172C1C5}.Release|Any CPU.ActiveCfg = Release|Any CPU
		{657D9485-0BD3-438D-A8D6-5FBF6172C1C5}.Release|Any CPU.Build.0 = Release|Any CPU
		{76382268-17DD-4D92-B3CF-D9C5F8915DBD}.Debug|Any CPU.ActiveCfg = Debug|Any CPU
		{76382268-17DD-4D92-B3CF-D9C5F8915DBD}.Debug|Any CPU.Build.0 = Debug|Any CPU
		{76382268-17DD-4D92-B3CF-D9C5F8915DBD}.Release|Any CPU.ActiveCfg = Release|Any CPU
		{76382268-17DD-4D92-B3CF-D9C5F8915DBD}.Release|Any CPU.Build.0 = Release|Any CPU
		{0FB15097-B0E2-4940-8EEB-54BCE3CA6828}.Debug|Any CPU.ActiveCfg = Debug|Any CPU
		{0FB15097-B0E2-4940-8EEB-54BCE3CA6828}.Debug|Any CPU.Build.0 = Debug|Any CPU
		{0FB15097-B0E2-4940-8EEB-54BCE3CA6828}.Release|Any CPU.ActiveCfg = Release|Any CPU
		{0FB15097-B0E2-4940-8EEB-54BCE3CA6828}.Release|Any CPU.Build.0 = Release|Any CPU
		{0786C83A-3CDB-4963-A309-357B392738A2}.Debug|Any CPU.ActiveCfg = Debug|Any CPU
		{0786C83A-3CDB-4963-A309-357B392738A2}.Debug|Any CPU.Build.0 = Debug|Any CPU
		{0786C83A-3CDB-4963-A309-357B392738A2}.Release|Any CPU.ActiveCfg = Release|Any CPU
		{0786C83A-3CDB-4963-A309-357B392738A2}.Release|Any CPU.Build.0 = Release|Any CPU
		{5978F2DA-93AC-484F-9524-ED0D4FDD432B}.Debug|Any CPU.ActiveCfg = Debug|Any CPU
		{5978F2DA-93AC-484F-9524-ED0D4FDD432B}.Debug|Any CPU.Build.0 = Debug|Any CPU
		{5978F2DA-93AC-484F-9524-ED0D4FDD432B}.Release|Any CPU.ActiveCfg = Release|Any CPU
		{5978F2DA-93AC-484F-9524-ED0D4FDD432B}.Release|Any CPU.Build.0 = Release|Any CPU
		{C14575BE-B757-4E41-9EED-EABD5BD28F1E}.Debug|Any CPU.ActiveCfg = Debug|Any CPU
		{C14575BE-B757-4E41-9EED-EABD5BD28F1E}.Debug|Any CPU.Build.0 = Debug|Any CPU
		{C14575BE-B757-4E41-9EED-EABD5BD28F1E}.Release|Any CPU.ActiveCfg = Release|Any CPU
		{C14575BE-B757-4E41-9EED-EABD5BD28F1E}.Release|Any CPU.Build.0 = Release|Any CPU
		{B250C3FB-98EC-4E7D-A9BB-F7A56BB18C42}.Debug|Any CPU.ActiveCfg = Debug|Any CPU
		{B250C3FB-98EC-4E7D-A9BB-F7A56BB18C42}.Debug|Any CPU.Build.0 = Debug|Any CPU
		{B250C3FB-98EC-4E7D-A9BB-F7A56BB18C42}.Release|Any CPU.ActiveCfg = Release|Any CPU
		{B250C3FB-98EC-4E7D-A9BB-F7A56BB18C42}.Release|Any CPU.Build.0 = Release|Any CPU
		{3FF610D5-3F7A-44A7-B6F6-30E0BB9741BA}.Debug|Any CPU.ActiveCfg = Debug|Any CPU
		{3FF610D5-3F7A-44A7-B6F6-30E0BB9741BA}.Debug|Any CPU.Build.0 = Debug|Any CPU
		{3FF610D5-3F7A-44A7-B6F6-30E0BB9741BA}.Release|Any CPU.ActiveCfg = Release|Any CPU
		{3FF610D5-3F7A-44A7-B6F6-30E0BB9741BA}.Release|Any CPU.Build.0 = Release|Any CPU
		{7536C962-9CBA-4E1B-B9D1-D353A6AF1D63}.Debug|Any CPU.ActiveCfg = Debug|Any CPU
		{7536C962-9CBA-4E1B-B9D1-D353A6AF1D63}.Debug|Any CPU.Build.0 = Debug|Any CPU
		{7536C962-9CBA-4E1B-B9D1-D353A6AF1D63}.Release|Any CPU.ActiveCfg = Release|Any CPU
		{7536C962-9CBA-4E1B-B9D1-D353A6AF1D63}.Release|Any CPU.Build.0 = Release|Any CPU
		{7992AA64-169D-456A-9EA6-C36A8F05A6E5}.Debug|Any CPU.ActiveCfg = Debug|Any CPU
		{7992AA64-169D-456A-9EA6-C36A8F05A6E5}.Debug|Any CPU.Build.0 = Debug|Any CPU
		{7992AA64-169D-456A-9EA6-C36A8F05A6E5}.Release|Any CPU.ActiveCfg = Release|Any CPU
		{7992AA64-169D-456A-9EA6-C36A8F05A6E5}.Release|Any CPU.Build.0 = Release|Any CPU
		{36C0CA36-2994-48C5-BB49-F91CA6D17425}.Debug|Any CPU.ActiveCfg = Debug|Any CPU
		{36C0CA36-2994-48C5-BB49-F91CA6D17425}.Debug|Any CPU.Build.0 = Debug|Any CPU
		{36C0CA36-2994-48C5-BB49-F91CA6D17425}.Release|Any CPU.ActiveCfg = Release|Any CPU
		{36C0CA36-2994-48C5-BB49-F91CA6D17425}.Release|Any CPU.Build.0 = Release|Any CPU
		{5842B06A-3531-4990-A224-7CF37A9EEA6A}.Debug|Any CPU.ActiveCfg = Debug|Any CPU
		{5842B06A-3531-4990-A224-7CF37A9EEA6A}.Debug|Any CPU.Build.0 = Debug|Any CPU
		{5842B06A-3531-4990-A224-7CF37A9EEA6A}.Release|Any CPU.ActiveCfg = Release|Any CPU
		{5842B06A-3531-4990-A224-7CF37A9EEA6A}.Release|Any CPU.Build.0 = Release|Any CPU
		{F649DF42-9102-4875-A5C5-554E7CDD9E2D}.Debug|Any CPU.ActiveCfg = Debug|Any CPU
		{F649DF42-9102-4875-A5C5-554E7CDD9E2D}.Debug|Any CPU.Build.0 = Debug|Any CPU
		{F649DF42-9102-4875-A5C5-554E7CDD9E2D}.Release|Any CPU.ActiveCfg = Release|Any CPU
		{F649DF42-9102-4875-A5C5-554E7CDD9E2D}.Release|Any CPU.Build.0 = Release|Any CPU
		{D1317B47-BB21-4ADF-9D7D-DF6D002346ED}.Debug|Any CPU.ActiveCfg = Debug|Any CPU
		{D1317B47-BB21-4ADF-9D7D-DF6D002346ED}.Debug|Any CPU.Build.0 = Debug|Any CPU
		{D1317B47-BB21-4ADF-9D7D-DF6D002346ED}.Release|Any CPU.ActiveCfg = Release|Any CPU
		{D1317B47-BB21-4ADF-9D7D-DF6D002346ED}.Release|Any CPU.Build.0 = Release|Any CPU
		{A8E75371-D61D-4C0E-88D7-617E6285FF9D}.Debug|Any CPU.ActiveCfg = Debug|Any CPU
		{A8E75371-D61D-4C0E-88D7-617E6285FF9D}.Debug|Any CPU.Build.0 = Debug|Any CPU
		{A8E75371-D61D-4C0E-88D7-617E6285FF9D}.Release|Any CPU.ActiveCfg = Release|Any CPU
		{A8E75371-D61D-4C0E-88D7-617E6285FF9D}.Release|Any CPU.Build.0 = Release|Any CPU
		{68C940AD-89B0-474A-9BE0-7EDD29513350}.Debug|Any CPU.ActiveCfg = Debug|Any CPU
		{68C940AD-89B0-474A-9BE0-7EDD29513350}.Debug|Any CPU.Build.0 = Debug|Any CPU
		{68C940AD-89B0-474A-9BE0-7EDD29513350}.Release|Any CPU.ActiveCfg = Release|Any CPU
		{68C940AD-89B0-474A-9BE0-7EDD29513350}.Release|Any CPU.Build.0 = Release|Any CPU
		{0F12FB2C-E0A5-4BEC-ADC1-5EDB69DD8BB4}.Debug|Any CPU.ActiveCfg = Debug|Any CPU
		{0F12FB2C-E0A5-4BEC-ADC1-5EDB69DD8BB4}.Debug|Any CPU.Build.0 = Debug|Any CPU
		{0F12FB2C-E0A5-4BEC-ADC1-5EDB69DD8BB4}.Release|Any CPU.ActiveCfg = Release|Any CPU
		{0F12FB2C-E0A5-4BEC-ADC1-5EDB69DD8BB4}.Release|Any CPU.Build.0 = Release|Any CPU
		{173C80E5-D516-445B-B1EB-ECEC9594FF7F}.Debug|Any CPU.ActiveCfg = Debug|Any CPU
		{173C80E5-D516-445B-B1EB-ECEC9594FF7F}.Debug|Any CPU.Build.0 = Debug|Any CPU
		{173C80E5-D516-445B-B1EB-ECEC9594FF7F}.Release|Any CPU.ActiveCfg = Release|Any CPU
		{173C80E5-D516-445B-B1EB-ECEC9594FF7F}.Release|Any CPU.Build.0 = Release|Any CPU
		{15D86A23-5782-497D-82DB-D42FE75FAD92}.Debug|Any CPU.ActiveCfg = Debug|Any CPU
		{15D86A23-5782-497D-82DB-D42FE75FAD92}.Debug|Any CPU.Build.0 = Debug|Any CPU
		{15D86A23-5782-497D-82DB-D42FE75FAD92}.Release|Any CPU.ActiveCfg = Release|Any CPU
		{15D86A23-5782-497D-82DB-D42FE75FAD92}.Release|Any CPU.Build.0 = Release|Any CPU
		{068E7D9A-C4A3-44AC-91E4-07C224A8BC41}.Debug|Any CPU.ActiveCfg = Debug|Any CPU
		{068E7D9A-C4A3-44AC-91E4-07C224A8BC41}.Debug|Any CPU.Build.0 = Debug|Any CPU
		{068E7D9A-C4A3-44AC-91E4-07C224A8BC41}.Release|Any CPU.ActiveCfg = Release|Any CPU
		{068E7D9A-C4A3-44AC-91E4-07C224A8BC41}.Release|Any CPU.Build.0 = Release|Any CPU
		{17994C79-8B88-48B9-9880-E715326A1532}.Debug|Any CPU.ActiveCfg = Debug|Any CPU
		{17994C79-8B88-48B9-9880-E715326A1532}.Debug|Any CPU.Build.0 = Debug|Any CPU
		{17994C79-8B88-48B9-9880-E715326A1532}.Release|Any CPU.ActiveCfg = Release|Any CPU
		{17994C79-8B88-48B9-9880-E715326A1532}.Release|Any CPU.Build.0 = Release|Any CPU
		{002FCCE5-D8B2-4FA8-B065-BEC594345CAA}.Debug|Any CPU.ActiveCfg = Debug|Any CPU
		{002FCCE5-D8B2-4FA8-B065-BEC594345CAA}.Debug|Any CPU.Build.0 = Debug|Any CPU
		{002FCCE5-D8B2-4FA8-B065-BEC594345CAA}.Release|Any CPU.ActiveCfg = Release|Any CPU
		{002FCCE5-D8B2-4FA8-B065-BEC594345CAA}.Release|Any CPU.Build.0 = Release|Any CPU
		{7E144C76-4092-480F-8EC2-F70C086F775F}.Debug|Any CPU.ActiveCfg = Debug|Any CPU
		{7E144C76-4092-480F-8EC2-F70C086F775F}.Debug|Any CPU.Build.0 = Debug|Any CPU
		{7E144C76-4092-480F-8EC2-F70C086F775F}.Release|Any CPU.ActiveCfg = Release|Any CPU
		{7E144C76-4092-480F-8EC2-F70C086F775F}.Release|Any CPU.Build.0 = Release|Any CPU
		{803E0CD2-FBC5-462B-BFC5-4E4B29578DEF}.Debug|Any CPU.ActiveCfg = Debug|Any CPU
		{803E0CD2-FBC5-462B-BFC5-4E4B29578DEF}.Debug|Any CPU.Build.0 = Debug|Any CPU
		{803E0CD2-FBC5-462B-BFC5-4E4B29578DEF}.Release|Any CPU.ActiveCfg = Release|Any CPU
		{803E0CD2-FBC5-462B-BFC5-4E4B29578DEF}.Release|Any CPU.Build.0 = Release|Any CPU
		{19F6F291-E622-4F4C-84BA-13DF06438C2D}.Debug|Any CPU.ActiveCfg = Debug|Any CPU
		{19F6F291-E622-4F4C-84BA-13DF06438C2D}.Debug|Any CPU.Build.0 = Debug|Any CPU
		{19F6F291-E622-4F4C-84BA-13DF06438C2D}.Release|Any CPU.ActiveCfg = Release|Any CPU
		{19F6F291-E622-4F4C-84BA-13DF06438C2D}.Release|Any CPU.Build.0 = Release|Any CPU
		{8F9DB46E-B08A-4831-B042-120CF40069ED}.Debug|Any CPU.ActiveCfg = Debug|Any CPU
		{8F9DB46E-B08A-4831-B042-120CF40069ED}.Debug|Any CPU.Build.0 = Debug|Any CPU
		{8F9DB46E-B08A-4831-B042-120CF40069ED}.Release|Any CPU.ActiveCfg = Release|Any CPU
		{8F9DB46E-B08A-4831-B042-120CF40069ED}.Release|Any CPU.Build.0 = Release|Any CPU
		{C4C75CA9-6EFA-4334-B8FC-F000A06BCAC3}.Debug|Any CPU.ActiveCfg = Debug|Any CPU
		{C4C75CA9-6EFA-4334-B8FC-F000A06BCAC3}.Debug|Any CPU.Build.0 = Debug|Any CPU
		{C4C75CA9-6EFA-4334-B8FC-F000A06BCAC3}.Release|Any CPU.ActiveCfg = Release|Any CPU
		{C4C75CA9-6EFA-4334-B8FC-F000A06BCAC3}.Release|Any CPU.Build.0 = Release|Any CPU
		{79E4CAE0-EF92-48E9-B0D9-4CC7AB66D76C}.Debug|Any CPU.ActiveCfg = Debug|Any CPU
		{79E4CAE0-EF92-48E9-B0D9-4CC7AB66D76C}.Debug|Any CPU.Build.0 = Debug|Any CPU
		{79E4CAE0-EF92-48E9-B0D9-4CC7AB66D76C}.Release|Any CPU.ActiveCfg = Release|Any CPU
		{79E4CAE0-EF92-48E9-B0D9-4CC7AB66D76C}.Release|Any CPU.Build.0 = Release|Any CPU
	EndGlobalSection
	GlobalSection(SolutionProperties) = preSolution
		HideSolutionNode = FALSE
	EndGlobalSection
	GlobalSection(NestedProjects) = preSolution
		{D0383AA6-BFD4-4C85-9EEF-269F1886434A} = {F9354138-94D5-4622-8434-F8B9DD9FDD25}
		{00483AEA-308D-43F5-943B-D63EAE898109} = {55C1E273-4025-4D2E-9E13-21385C65C725}
		{DDBE4376-E69E-434D-AD99-474E846AB44E} = {55C1E273-4025-4D2E-9E13-21385C65C725}
		{657D9485-0BD3-438D-A8D6-5FBF6172C1C5} = {55C1E273-4025-4D2E-9E13-21385C65C725}
		{76382268-17DD-4D92-B3CF-D9C5F8915DBD} = {55C1E273-4025-4D2E-9E13-21385C65C725}
		{C14575BE-B757-4E41-9EED-EABD5BD28F1E} = {24AF4E19-1326-42C3-879A-BE13F55A9043}
		{B250C3FB-98EC-4E7D-A9BB-F7A56BB18C42} = {24AF4E19-1326-42C3-879A-BE13F55A9043}
		{3FF610D5-3F7A-44A7-B6F6-30E0BB9741BA} = {55C1E273-4025-4D2E-9E13-21385C65C725}
		{7536C962-9CBA-4E1B-B9D1-D353A6AF1D63} = {55C1E273-4025-4D2E-9E13-21385C65C725}
		{36C0CA36-2994-48C5-BB49-F91CA6D17425} = {F9354138-94D5-4622-8434-F8B9DD9FDD25}
		{5842B06A-3531-4990-A224-7CF37A9EEA6A} = {ADF1C128-6796-49E5-AA94-4F25DA95EB0F}
		{F649DF42-9102-4875-A5C5-554E7CDD9E2D} = {ADF1C128-6796-49E5-AA94-4F25DA95EB0F}
		{D1317B47-BB21-4ADF-9D7D-DF6D002346ED} = {ADF1C128-6796-49E5-AA94-4F25DA95EB0F}
		{0F12FB2C-E0A5-4BEC-ADC1-5EDB69DD8BB4} = {24AF4E19-1326-42C3-879A-BE13F55A9043}
		{173C80E5-D516-445B-B1EB-ECEC9594FF7F} = {24AF4E19-1326-42C3-879A-BE13F55A9043}
		{15D86A23-5782-497D-82DB-D42FE75FAD92} = {24AF4E19-1326-42C3-879A-BE13F55A9043}
		{068E7D9A-C4A3-44AC-91E4-07C224A8BC41} = {24AF4E19-1326-42C3-879A-BE13F55A9043}
		{17994C79-8B88-48B9-9880-E715326A1532} = {B031B180-BDBC-46B6-9824-6B4D9BED006F}
		{002FCCE5-D8B2-4FA8-B065-BEC594345CAA} = {B031B180-BDBC-46B6-9824-6B4D9BED006F}
		{7E144C76-4092-480F-8EC2-F70C086F775F} = {B031B180-BDBC-46B6-9824-6B4D9BED006F}
		{803E0CD2-FBC5-462B-BFC5-4E4B29578DEF} = {B031B180-BDBC-46B6-9824-6B4D9BED006F}
		{19F6F291-E622-4F4C-84BA-13DF06438C2D} = {B031B180-BDBC-46B6-9824-6B4D9BED006F}
		{B5F15274-45DF-48CB-B3B7-2A695253359F} = {74CC7D80-4E21-4853-B3BB-B8F208CF4B6B}
	EndGlobalSection
	GlobalSection(ExtensibilityGlobals) = postSolution
		SolutionGuid = {E65C7E23-CCFC-4ED8-9596-CC28D553585B}
	EndGlobalSection
EndGlobal
